
Microsoft Visual Studio Solution File, Format Version 12.00
# Visual Studio 15
VisualStudioVersion = 15.0.28307.421
MinimumVisualStudioVersion = 10.0.40219.1
Project("{FAE04EC0-301F-11D3-BF4B-00C04F79EFBC}") = "Pulse8TestApp", "Pulse8TestApp\Pulse8TestApp.csproj", "{313CAF52-13FA-4C19-A900-619A9AF653C5}"
EndProject
Global
	GlobalSection(SolutionConfigurationPlatforms) = preSolution
		Debug|Any CPU = Debug|Any CPU
		Release|Any CPU = Release|Any CPU
	EndGlobalSection
	GlobalSection(ProjectConfigurationPlatforms) = postSolution
		{313CAF52-13FA-4C19-A900-619A9AF653C5}.Debug|Any CPU.ActiveCfg = Debug|Any CPU
		{313CAF52-13FA-4C19-A900-619A9AF653C5}.Debug|Any CPU.Build.0 = Debug|Any CPU
		{313CAF52-13FA-4C19-A900-619A9AF653C5}.Release|Any CPU.ActiveCfg = Release|Any CPU
		{313CAF52-13FA-4C19-A900-619A9AF653C5}.Release|Any CPU.Build.0 = Release|Any CPU
	EndGlobalSection
	GlobalSection(SolutionProperties) = preSolution
		HideSolutionNode = FALSE
	EndGlobalSection
	GlobalSection(ExtensibilityGlobals) = postSolution
		SolutionGuid = {355B8796-C5AA-421A-A00B-BA968D527029}
	EndGlobalSection
EndGlobal
